// !$*UTF8*$!
{
	archiveVersion = 1;
	classes = {
	};
	objectVersion = 56;
	objects = {

/* Begin PBXBuildFile section */
		FF8A24542915BED700C64F03 /* MockData.swift in Sources */ = {isa = PBXBuildFile; fileRef = FF8A24532915BED700C64F03 /* MockData.swift */; };
		FF8A24562915C0D400C64F03 /* ListSection.swift in Sources */ = {isa = PBXBuildFile; fileRef = FF8A24552915C0D400C64F03 /* ListSection.swift */; };
		FF8A24582915C18700C64F03 /* ListItem.swift in Sources */ = {isa = PBXBuildFile; fileRef = FF8A24572915C18700C64F03 /* ListItem.swift */; };
		FF8A245C2915CB6300C64F03 /* FavouriteMemesCollectionViewCell.swift in Sources */ = {isa = PBXBuildFile; fileRef = FF8A245B2915CB6300C64F03 /* FavouriteMemesCollectionViewCell.swift */; };
		FF8A245E2915CE4E00C64F03 /* MemesCollectionViewCell.swift in Sources */ = {isa = PBXBuildFile; fileRef = FF8A245D2915CE4E00C64F03 /* MemesCollectionViewCell.swift */; };
		FF8A24602916528900C64F03 /* HeaderSupplementaryView.swift in Sources */ = {isa = PBXBuildFile; fileRef = FF8A245F2916528900C64F03 /* HeaderSupplementaryView.swift */; };
		FF974E42291507480012643F /* AppDelegate.swift in Sources */ = {isa = PBXBuildFile; fileRef = FF974E41291507480012643F /* AppDelegate.swift */; };
		FF974E44291507480012643F /* SceneDelegate.swift in Sources */ = {isa = PBXBuildFile; fileRef = FF974E43291507480012643F /* SceneDelegate.swift */; };
		FF974E46291507480012643F /* ViewController.swift in Sources */ = {isa = PBXBuildFile; fileRef = FF974E45291507480012643F /* ViewController.swift */; };
		FF974E4B291507490012643F /* Assets.xcassets in Resources */ = {isa = PBXBuildFile; fileRef = FF974E4A291507490012643F /* Assets.xcassets */; };
		FF974E4E291507490012643F /* LaunchScreen.storyboard in Resources */ = {isa = PBXBuildFile; fileRef = FF974E4C291507490012643F /* LaunchScreen.storyboard */; };
/* End PBXBuildFile section */

/* Begin PBXFileReference section */
		FF8A24532915BED700C64F03 /* MockData.swift */ = {isa = PBXFileReference; lastKnownFileType = sourcecode.swift; path = MockData.swift; sourceTree = "<group>"; };
		FF8A24552915C0D400C64F03 /* ListSection.swift */ = {isa = PBXFileReference; lastKnownFileType = sourcecode.swift; path = ListSection.swift; sourceTree = "<group>"; };
		FF8A24572915C18700C64F03 /* ListItem.swift */ = {isa = PBXFileReference; lastKnownFileType = sourcecode.swift; path = ListItem.swift; sourceTree = "<group>"; };
		FF8A245B2915CB6300C64F03 /* FavouriteMemesCollectionViewCell.swift */ = {isa = PBXFileReference; lastKnownFileType = sourcecode.swift; path = FavouriteMemesCollectionViewCell.swift; sourceTree = "<group>"; };
		FF8A245D2915CE4E00C64F03 /* MemesCollectionViewCell.swift */ = {isa = PBXFileReference; lastKnownFileType = sourcecode.swift; path = MemesCollectionViewCell.swift; sourceTree = "<group>"; };
		FF8A245F2916528900C64F03 /* HeaderSupplementaryView.swift */ = {isa = PBXFileReference; lastKnownFileType = sourcecode.swift; path = HeaderSupplementaryView.swift; sourceTree = "<group>"; };
		FF974E3E291507480012643F /* Homework8.app */ = {isa = PBXFileReference; explicitFileType = wrapper.application; includeInIndex = 0; path = Homework8.app; sourceTree = BUILT_PRODUCTS_DIR; };
		FF974E41291507480012643F /* AppDelegate.swift */ = {isa = PBXFileReference; lastKnownFileType = sourcecode.swift; path = AppDelegate.swift; sourceTree = "<group>"; };
		FF974E43291507480012643F /* SceneDelegate.swift */ = {isa = PBXFileReference; lastKnownFileType = sourcecode.swift; path = SceneDelegate.swift; sourceTree = "<group>"; };
		FF974E45291507480012643F /* ViewController.swift */ = {isa = PBXFileReference; lastKnownFileType = sourcecode.swift; path = ViewController.swift; sourceTree = "<group>"; };
		FF974E4A291507490012643F /* Assets.xcassets */ = {isa = PBXFileReference; lastKnownFileType = folder.assetcatalog; path = Assets.xcassets; sourceTree = "<group>"; };
		FF974E4D291507490012643F /* Base */ = {isa = PBXFileReference; lastKnownFileType = file.storyboard; name = Base; path = Base.lproj/LaunchScreen.storyboard; sourceTree = "<group>"; };
		FF974E4F291507490012643F /* Info.plist */ = {isa = PBXFileReference; lastKnownFileType = text.plist.xml; path = Info.plist; sourceTree = "<group>"; };
/* End PBXFileReference section */

/* Begin PBXFrameworksBuildPhase section */
		FF974E3B291507480012643F /* Frameworks */ = {
			isa = PBXFrameworksBuildPhase;
			buildActionMask = 2147483647;
			files = (
			);
			runOnlyForDeploymentPostprocessing = 0;
		};
/* End PBXFrameworksBuildPhase section */

/* Begin PBXGroup section */
		FF8A24592915CB3600C64F03 /* Cells */ = {
			isa = PBXGroup;
			children = (
				FF8A245B2915CB6300C64F03 /* FavouriteMemesCollectionViewCell.swift */,
				FF8A245D2915CE4E00C64F03 /* MemesCollectionViewCell.swift */,
				FF8A245F2916528900C64F03 /* HeaderSupplementaryView.swift */,
			);
			path = Cells;
			sourceTree = "<group>";
		};
		FF8A246129165C5100C64F03 /* Data */ = {
			isa = PBXGroup;
			children = (
				FF8A24572915C18700C64F03 /* ListItem.swift */,
				FF8A24552915C0D400C64F03 /* ListSection.swift */,
				FF8A24532915BED700C64F03 /* MockData.swift */,
			);
			path = Data;
			sourceTree = "<group>";
		};
		FF8A246229165C6100C64F03 /* ViewControllers */ = {
			isa = PBXGroup;
			children = (
				FF974E45291507480012643F /* ViewController.swift */,
			);
			path = ViewControllers;
			sourceTree = "<group>";
		};
		FF8A246329165C8A00C64F03 /* App */ = {
			isa = PBXGroup;
			children = (
				FF974E41291507480012643F /* AppDelegate.swift */,
				FF974E43291507480012643F /* SceneDelegate.swift */,
			);
			path = App;
			sourceTree = "<group>";
		};
		FF8A246429165CAB00C64F03 /* Resources */ = {
			isa = PBXGroup;
			children = (
				FF974E4A291507490012643F /* Assets.xcassets */,
			);
			path = Resources;
			sourceTree = "<group>";
		};
		FF8A246529165CBA00C64F03 /* Storyboards */ = {
			isa = PBXGroup;
			children = (
				FF974E4C291507490012643F /* LaunchScreen.storyboard */,
			);
			path = Storyboards;
			sourceTree = "<group>";
		};
		FF974E35291507480012643F = {
			isa = PBXGroup;
			children = (
				FF974E40291507480012643F /* Homework8 */,
				FF974E3F291507480012643F /* Products */,
			);
			sourceTree = "<group>";
		};
		FF974E3F291507480012643F /* Products */ = {
			isa = PBXGroup;
			children = (
				FF974E3E291507480012643F /* Homework8.app */,
			);
			name = Products;
			sourceTree = "<group>";
		};
		FF974E40291507480012643F /* Homework8 */ = {
			isa = PBXGroup;
			children = (
				FF974E4F291507490012643F /* Info.plist */,
				FF8A246529165CBA00C64F03 /* Storyboards */,
				FF8A246429165CAB00C64F03 /* Resources */,
				FF8A246329165C8A00C64F03 /* App */,
				FF8A246229165C6100C64F03 /* ViewControllers */,
				FF8A246129165C5100C64F03 /* Data */,
				FF8A24592915CB3600C64F03 /* Cells */,
			);
			path = Homework8;
			sourceTree = "<group>";
		};
/* End PBXGroup section */

/* Begin PBXNativeTarget section */
		FF974E3D291507480012643F /* Homework8 */ = {
			isa = PBXNativeTarget;
			buildConfigurationList = FF974E52291507490012643F /* Build configuration list for PBXNativeTarget "Homework8" */;
			buildPhases = (
				FF974E3A291507480012643F /* Sources */,
				FF974E3B291507480012643F /* Frameworks */,
				FF974E3C291507480012643F /* Resources */,
			);
			buildRules = (
			);
			dependencies = (
			);
			name = Homework8;
			productName = Homework8;
			productReference = FF974E3E291507480012643F /* Homework8.app */;
			productType = "com.apple.product-type.application";
		};
/* End PBXNativeTarget section */

/* Begin PBXProject section */
		FF974E36291507480012643F /* Project object */ = {
			isa = PBXProject;
			attributes = {
				BuildIndependentTargetsInParallel = 1;
				LastSwiftUpdateCheck = 1400;
				LastUpgradeCheck = 1400;
				TargetAttributes = {
					FF974E3D291507480012643F = {
						CreatedOnToolsVersion = 14.0.1;
					};
				};
			};
			buildConfigurationList = FF974E39291507480012643F /* Build configuration list for PBXProject "Homework8" */;
			compatibilityVersion = "Xcode 14.0";
			developmentRegion = en;
			hasScannedForEncodings = 0;
			knownRegions = (
				en,
				Base,
			);
			mainGroup = FF974E35291507480012643F;
			productRefGroup = FF974E3F291507480012643F /* Products */;
			projectDirPath = "";
			projectRoot = "";
			targets = (
				FF974E3D291507480012643F /* Homework8 */,
			);
		};
/* End PBXProject section */

/* Begin PBXResourcesBuildPhase section */
		FF974E3C291507480012643F /* Resources */ = {
			isa = PBXResourcesBuildPhase;
			buildActionMask = 2147483647;
			files = (
				FF974E4E291507490012643F /* LaunchScreen.storyboard in Resources */,
				FF974E4B291507490012643F /* Assets.xcassets in Resources */,
			);
			runOnlyForDeploymentPostprocessing = 0;
		};
/* End PBXResourcesBuildPhase section */

/* Begin PBXSourcesBuildPhase section */
		FF974E3A291507480012643F /* Sources */ = {
			isa = PBXSourcesBuildPhase;
			buildActionMask = 2147483647;
			files = (
				FF974E46291507480012643F /* ViewController.swift in Sources */,
				FF974E42291507480012643F /* AppDelegate.swift in Sources */,
				FF8A24582915C18700C64F03 /* ListItem.swift in Sources */,
				FF974E44291507480012643F /* SceneDelegate.swift in Sources */,
				FF8A24562915C0D400C64F03 /* ListSection.swift in Sources */,
				FF8A24602916528900C64F03 /* HeaderSupplementaryView.swift in Sources */,
				FF8A245E2915CE4E00C64F03 /* MemesCollectionViewCell.swift in Sources */,
				FF8A245C2915CB6300C64F03 /* FavouriteMemesCollectionViewCell.swift in Sources */,
				FF8A24542915BED700C64F03 /* MockData.swift in Sources */,
			);
			runOnlyForDeploymentPostprocessing = 0;
		};
/* End PBXSourcesBuildPhase section */

/* Begin PBXVariantGroup section */
		FF974E4C291507490012643F /* LaunchScreen.storyboard */ = {
			isa = PBXVariantGroup;
			children = (
				FF974E4D291507490012643F /* Base */,
			);
			name = LaunchScreen.storyboard;
			sourceTree = "<group>";
		};
/* End PBXVariantGroup section */

/* Begin XCBuildConfiguration section */
		FF974E50291507490012643F /* Debug */ = {
			isa = XCBuildConfiguration;
			buildSettings = {
				ALWAYS_SEARCH_USER_PATHS = NO;
				CLANG_ANALYZER_NONNULL = YES;
				CLANG_ANALYZER_NUMBER_OBJECT_CONVERSION = YES_AGGRESSIVE;
				CLANG_CXX_LANGUAGE_STANDARD = "gnu++20";
				CLANG_ENABLE_MODULES = YES;
				CLANG_ENABLE_OBJC_ARC = YES;
				CLANG_ENABLE_OBJC_WEAK = YES;
				CLANG_WARN_BLOCK_CAPTURE_AUTORELEASING = YES;
				CLANG_WARN_BOOL_CONVERSION = YES;
				CLANG_WARN_COMMA = YES;
				CLANG_WARN_CONSTANT_CONVERSION = YES;
				CLANG_WARN_DEPRECATED_OBJC_IMPLEMENTATIONS = YES;
				CLANG_WARN_DIRECT_OBJC_ISA_USAGE = YES_ERROR;
				CLANG_WARN_DOCUMENTATION_COMMENTS = YES;
				CLANG_WARN_EMPTY_BODY = YES;
				CLANG_WARN_ENUM_CONVERSION = YES;
				CLANG_WARN_INFINITE_RECURSION = YES;
				CLANG_WARN_INT_CONVERSION = YES;
				CLANG_WARN_NON_LITERAL_NULL_CONVERSION = YES;
				CLANG_WARN_OBJC_IMPLICIT_RETAIN_SELF = YES;
				CLANG_WARN_OBJC_LITERAL_CONVERSION = YES;
				CLANG_WARN_OBJC_ROOT_CLASS = YES_ERROR;
				CLANG_WARN_QUOTED_INCLUDE_IN_FRAMEWORK_HEADER = YES;
				CLANG_WARN_RANGE_LOOP_ANALYSIS = YES;
				CLANG_WARN_STRICT_PROTOTYPES = YES;
				CLANG_WARN_SUSPICIOUS_MOVE = YES;
				CLANG_WARN_UNGUARDED_AVAILABILITY = YES_AGGRESSIVE;
				CLANG_WARN_UNREACHABLE_CODE = YES;
				CLANG_WARN__DUPLICATE_METHOD_MATCH = YES;
				COPY_PHASE_STRIP = NO;
				DEBUG_INFORMATION_FORMAT = dwarf;
				ENABLE_STRICT_OBJC_MSGSEND = YES;
				ENABLE_TESTABILITY = YES;
				GCC_C_LANGUAGE_STANDARD = gnu11;
				GCC_DYNAMIC_NO_PIC = NO;
				GCC_NO_COMMON_BLOCKS = YES;
				GCC_OPTIMIZATION_LEVEL = 0;
				GCC_PREPROCESSOR_DEFINITIONS = (
					"DEBUG=1",
					"$(inherited)",
				);
				GCC_WARN_64_TO_32_BIT_CONVERSION = YES;
				GCC_WARN_ABOUT_RETURN_TYPE = YES_ERROR;
				GCC_WARN_UNDECLARED_SELECTOR = YES;
				GCC_WARN_UNINITIALIZED_AUTOS = YES_AGGRESSIVE;
				GCC_WARN_UNUSED_FUNCTION = YES;
				GCC_WARN_UNUSED_VARIABLE = YES;
				IPHONEOS_DEPLOYMENT_TARGET = 16.0;
				MTL_ENABLE_DEBUG_INFO = INCLUDE_SOURCE;
				MTL_FAST_MATH = YES;
				ONLY_ACTIVE_ARCH = YES;
				SDKROOT = iphoneos;
				SWIFT_ACTIVE_COMPILATION_CONDITIONS = DEBUG;
				SWIFT_OPTIMIZATION_LEVEL = "-Onone";
			};
			name = Debug;
		};
		FF974E51291507490012643F /* Release */ = {
			isa = XCBuildConfiguration;
			buildSettings = {
				ALWAYS_SEARCH_USER_PATHS = NO;
				CLANG_ANALYZER_NONNULL = YES;
				CLANG_ANALYZER_NUMBER_OBJECT_CONVERSION = YES_AGGRESSIVE;
				CLANG_CXX_LANGUAGE_STANDARD = "gnu++20";
				CLANG_ENABLE_MODULES = YES;
				CLANG_ENABLE_OBJC_ARC = YES;
				CLANG_ENABLE_OBJC_WEAK = YES;
				CLANG_WARN_BLOCK_CAPTURE_AUTORELEASING = YES;
				CLANG_WARN_BOOL_CONVERSION = YES;
				CLANG_WARN_COMMA = YES;
				CLANG_WARN_CONSTANT_CONVERSION = YES;
				CLANG_WARN_DEPRECATED_OBJC_IMPLEMENTATIONS = YES;
				CLANG_WARN_DIRECT_OBJC_ISA_USAGE = YES_ERROR;
				CLANG_WARN_DOCUMENTATION_COMMENTS = YES;
				CLANG_WARN_EMPTY_BODY = YES;
				CLANG_WARN_ENUM_CONVERSION = YES;
				CLANG_WARN_INFINITE_RECURSION = YES;
				CLANG_WARN_INT_CONVERSION = YES;
				CLANG_WARN_NON_LITERAL_NULL_CONVERSION = YES;
				CLANG_WARN_OBJC_IMPLICIT_RETAIN_SELF = YES;
				CLANG_WARN_OBJC_LITERAL_CONVERSION = YES;
				CLANG_WARN_OBJC_ROOT_CLASS = YES_ERROR;
				CLANG_WARN_QUOTED_INCLUDE_IN_FRAMEWORK_HEADER = YES;
				CLANG_WARN_RANGE_LOOP_ANALYSIS = YES;
				CLANG_WARN_STRICT_PROTOTYPES = YES;
				CLANG_WARN_SUSPICIOUS_MOVE = YES;
				CLANG_WARN_UNGUARDED_AVAILABILITY = YES_AGGRESSIVE;
				CLANG_WARN_UNREACHABLE_CODE = YES;
				CLANG_WARN__DUPLICATE_METHOD_MATCH = YES;
				COPY_PHASE_STRIP = NO;
				DEBUG_INFORMATION_FORMAT = "dwarf-with-dsym";
				ENABLE_NS_ASSERTIONS = NO;
				ENABLE_STRICT_OBJC_MSGSEND = YES;
				GCC_C_LANGUAGE_STANDARD = gnu11;
				GCC_NO_COMMON_BLOCKS = YES;
				GCC_WARN_64_TO_32_BIT_CONVERSION = YES;
				GCC_WARN_ABOUT_RETURN_TYPE = YES_ERROR;
				GCC_WARN_UNDECLARED_SELECTOR = YES;
				GCC_WARN_UNINITIALIZED_AUTOS = YES_AGGRESSIVE;
				GCC_WARN_UNUSED_FUNCTION = YES;
				GCC_WARN_UNUSED_VARIABLE = YES;
				IPHONEOS_DEPLOYMENT_TARGET = 16.0;
				MTL_ENABLE_DEBUG_INFO = NO;
				MTL_FAST_MATH = YES;
				SDKROOT = iphoneos;
				SWIFT_COMPILATION_MODE = wholemodule;
				SWIFT_OPTIMIZATION_LEVEL = "-O";
				VALIDATE_PRODUCT = YES;
			};
			name = Release;
		};
		FF974E53291507490012643F /* Debug */ = {
			isa = XCBuildConfiguration;
			buildSettings = {
				ASSETCATALOG_COMPILER_APPICON_NAME = AppIcon;
				ASSETCATALOG_COMPILER_GLOBAL_ACCENT_COLOR_NAME = AccentColor;
				CODE_SIGN_STYLE = Automatic;
				CURRENT_PROJECT_VERSION = 1;
				DEVELOPMENT_TEAM = KTNM35TF3W;
				GENERATE_INFOPLIST_FILE = YES;
				INFOPLIST_FILE = Homework8/Info.plist;
				INFOPLIST_KEY_UIApplicationSupportsIndirectInputEvents = YES;
				INFOPLIST_KEY_UILaunchStoryboardName = LaunchScreen;
				INFOPLIST_KEY_UISupportedInterfaceOrientations_iPad = "UIInterfaceOrientationPortrait UIInterfaceOrientationPortraitUpsideDown UIInterfaceOrientationLandscapeLeft UIInterfaceOrientationLandscapeRight";
				INFOPLIST_KEY_UISupportedInterfaceOrientations_iPhone = "UIInterfaceOrientationPortrait UIInterfaceOrientationLandscapeLeft UIInterfaceOrientationLandscapeRight";
				IPHONEOS_DEPLOYMENT_TARGET = 15.6;
				LD_RUNPATH_SEARCH_PATHS = (
					"$(inherited)",
					"@executable_path/Frameworks",
				);
				MARKETING_VERSION = 1.0;
				PRODUCT_BUNDLE_IDENTIFIER = github.notsoundbanana.Homework8;
				PRODUCT_NAME = "$(TARGET_NAME)";
				SWIFT_EMIT_LOC_STRINGS = YES;
				SWIFT_VERSION = 5.0;
				TARGETED_DEVICE_FAMILY = "1,2";
			};
			name = Debug;
		};
		FF974E54291507490012643F /* Release */ = {
			isa = XCBuildConfiguration;
			buildSettings = {
				ASSETCATALOG_COMPILER_APPICON_NAME = AppIcon;
				ASSETCATALOG_COMPILER_GLOBAL_ACCENT_COLOR_NAME = AccentColor;
				CODE_SIGN_STYLE = Automatic;
				CURRENT_PROJECT_VERSION = 1;
				DEVELOPMENT_TEAM = KTNM35TF3W;
				GENERATE_INFOPLIST_FILE = YES;
				INFOPLIST_FILE = Homework8/Info.plist;
				INFOPLIST_KEY_UIApplicationSupportsIndirectInputEvents = YES;
				INFOPLIST_KEY_UILaunchStoryboardName = LaunchScreen;
				INFOPLIST_KEY_UISupportedInterfaceOrientations_iPad = "UIInterfaceOrientationPortrait UIInterfaceOrientationPortraitUpsideDown UIInterfaceOrientationLandscapeLeft UIInterfaceOrientationLandscapeRight";
				INFOPLIST_KEY_UISupportedInterfaceOrientations_iPhone = "UIInterfaceOrientationPortrait UIInterfaceOrientationLandscapeLeft UIInterfaceOrientationLandscapeRight";
				IPHONEOS_DEPLOYMENT_TARGET = 15.6;
				LD_RUNPATH_SEARCH_PATHS = (
					"$(inherited)",
					"@executable_path/Frameworks",
				);
				MARKETING_VERSION = 1.0;
				PRODUCT_BUNDLE_IDENTIFIER = github.notsoundbanana.Homework8;
				PRODUCT_NAME = "$(TARGET_NAME)";
				SWIFT_EMIT_LOC_STRINGS = YES;
				SWIFT_VERSION = 5.0;
				TARGETED_DEVICE_FAMILY = "1,2";
			};
			name = Release;
		};
/* End XCBuildConfiguration section */

/* Begin XCConfigurationList section */
		FF974E39291507480012643F /* Build configuration list for PBXProject "Homework8" */ = {
			isa = XCConfigurationList;
			buildConfigurations = (
				FF974E50291507490012643F /* Debug */,
				FF974E51291507490012643F /* Release */,
			);
			defaultConfigurationIsVisible = 0;
			defaultConfigurationName = Release;
		};
		FF974E52291507490012643F /* Build configuration list for PBXNativeTarget "Homework8" */ = {
			isa = XCConfigurationList;
			buildConfigurations = (
				FF974E53291507490012643F /* Debug */,
				FF974E54291507490012643F /* Release */,
			);
			defaultConfigurationIsVisible = 0;
			defaultConfigurationName = Release;
		};
/* End XCConfigurationList section */
	};
	rootObject = FF974E36291507480012643F /* Project object */;
}
